github.com/aaron-lebo/ocd v0.0.0-20140809093605-ee9a3f6eca21 h1:bGmKZVRtq0HGehDgBg3HkEfSqLP2YXyoq0+j0HtLoOE=
github.com/aaron-lebo/ocd v0.0.0-20140809093605-ee9a3f6eca21/go.mod h1:Fcv1e5y8FvM73lK5IP2nNWWV2dIw8Oa6G98tCC3ka3Y=
github.com/burntsushi/toml v0.3.0 h1:7xSK9KkjYhUFUrcGkb57k/zXyeo8yshRmbFS2P1mQT0=
github.com/burntsushi/toml v0.3.0/go.mod h1:tCq67G3LEDB9hykA6+KWl2FPEy0nPcvE8TTBhtOtdGs=
github.com/igungor/telegram v0.0.0-20170723120259-1b4b07524109 h1:RBd8Tv73VFUBehkW12uZ9WsenSRl4GEniQ3GBL78IO8=
github.com/igungor/telegram v0.0.0-20170723120259-1b4b07524109/go.mod h1:iXQDrkBihQDrhL4kexDy9ZbORZK8pYfvu4EEMfrvDW8=
github.com/kelseyhightower/envconfig v1.4.0 h1:Im6hONhd3pLkfDFsbRgu68RDNkGF1r3dvMUtDTo2cv8=
github.com/kelseyhightower/envconfig v1.4.0/go.mod h1:cccZRl6mQpaq41TPp5QxidR+Sa3axMbJDNb//FQX6Gg=
golang.org/x/net v0.0.0-20180317175401-24dd3780ca4f h1:0boFcGnduzgIGptcBMbxdHgHx5GEfTZcuzbve08cTLQ=
golang.org/x/net v0.0.0-20180317175401-24dd3780ca4f/go.mod h1:mL1N/T3taQHkDXs73rZJwtUhF3w3ftmwwsq0BUmARs4=
google.golang.org/api v0.0.0-20180319000549-55e9fb4044f4 h1:/ziuL7M9bZieARGwWP6edB2Ep9xi+z8QckuyRyzi7O8=
google.golang.org/api v0.0.0-20180319000549-55e9fb4044f4/go.mod h1:4mhQ8q/RsB7i+udVvVy5NUi08OU8ZlA0gRVgrF7VFY0=
