# This file is autogenerated, do not edit; changes may be undone by the next 'dep ensure'.


[[projects]]
  branch = "master"
  name = "github.com/aaron-lebo/ocd"
  packages = ["feeds/atom"]
  revision = "ee9a3f6eca21b814155ab93e55f893c438e8f060"

[[projects]]
  branch = "master"
  name = "github.com/beorn7/perks"
  packages = ["quantile"]
  revision = "4c0e84591b9aa9e6dcfdf3e020114cd81f89d5f9"

[[projects]]
  name = "github.com/blendlabs/go-exception"
  packages = ["."]
  revision = "1eb19b172d7ccae9d5ec8cb4b02529cf3c69ccbd"
  version = "v1.0.0"

[[projects]]
  name = "github.com/burntsushi/toml"
  packages = ["."]
  revision = "b26d9c308763d68093482582cea63d69be07a0f0"
  version = "v0.3.0"

[[projects]]
  branch = "master"
  name = "github.com/golang/freetype"
  packages = [
    "raster",
    "truetype"
  ]
  revision = "e2365dfdc4a05e4b8299a783240d4a7d5a65d4e4"

[[projects]]
  name = "github.com/golang/protobuf"
  packages = ["proto"]
  revision = "925541529c1fa6821df4e44ce2723319eb2be768"
  version = "v1.0.0"

[[projects]]
  branch = "master"
  name = "github.com/igungor/telegram"
  packages = ["."]
  revision = "1b4b075241091ef68314cb8da36d65e66726e004"

[[projects]]
  name = "github.com/matttproud/golang_protobuf_extensions"
  packages = ["pbutil"]
  revision = "3247c84500bff8d9fb6d579d800f20b3e091582c"
  version = "v1.0.0"

[[projects]]
  name = "github.com/prometheus/client_golang"
  packages = [
    "prometheus",
    "prometheus/promhttp"
  ]
  revision = "c5b7fccd204277076155f10851dad72b76a49317"
  version = "v0.8.0"

[[projects]]
  branch = "master"
  name = "github.com/prometheus/client_model"
  packages = ["go"]
  revision = "99fa1f4be8e564e8a6b613da7fa6f46c9edafc6c"

[[projects]]
  branch = "master"
  name = "github.com/prometheus/common"
  packages = [
    "expfmt",
    "internal/bitbucket.org/ww/goautoneg",
    "model"
  ]
  revision = "e4aa40a9169a88835b849a6efb71e05dc04b88f0"

[[projects]]
  branch = "master"
  name = "github.com/prometheus/procfs"
  packages = [
    ".",
    "internal/util",
    "nfs",
    "xfs"
  ]
  revision = "54d17b57dd7d4a3aa092476596b3f8a933bde349"

[[projects]]
  name = "github.com/wcharczuk/go-chart"
  packages = [
    ".",
    "drawing"
  ]
  revision = "fc2973067ce43455507ea5f9aa9814aabbf8f2ca"
  version = "v2.0"

[[projects]]
  branch = "master"
  name = "golang.org/x/image"
  packages = [
    "draw",
    "font",
    "math/f64",
    "math/fixed"
  ]
  revision = "f3a9b89b59def9194717c1d0bd4c0d08fa1afa7b"

[[projects]]
  branch = "master"
  name = "golang.org/x/net"
  packages = [
    "context",
    "context/ctxhttp"
  ]
  revision = "24dd3780ca4f75fed9f321890729414a4b5d3f13"

[[projects]]
  branch = "master"
  name = "google.golang.org/api"
  packages = [
    "customsearch/v1",
    "gensupport",
    "googleapi",
    "googleapi/internal/uritemplates",
    "googleapi/transport",
    "youtube/v3"
  ]
  revision = "55e9fb4044f4757138d4273ace23060d022d18f9"

[solve-meta]
  analyzer-name = "dep"
  analyzer-version = 1
  inputs-digest = "4b3faba53644c3ff14ec9930fa2c06af4f03437582431f270d6dc90692315b01"
  solver-name = "gps-cdcl"
  solver-version = 1
